
Microsoft Visual Studio Solution File, Format Version 12.00
# Visual Studio 14
VisualStudioVersion = 14.0.25420.1
MinimumVisualStudioVersion = 10.0.40219.1
Project("{FAE04EC0-301F-11D3-BF4B-00C04F79EFBC}") = "Interview-Exercise", "Interview-Exercise\Interview-Exercise.csproj", "{B1ADE53F-F0C8-43B2-B49F-9CBB5C1E913A}"
EndProject
Project("{FAE04EC0-301F-11D3-BF4B-00C04F79EFBC}") = "Interview-Exercise-Tests", "Interview-Exercise-Tests\Interview-Exercise-Tests.csproj", "{A65EB524-CF32-4EDE-8A08-CE4CD0D1BA4E}"
EndProject
Global
	GlobalSection(SolutionConfigurationPlatforms) = preSolution
		Debug|Any CPU = Debug|Any CPU
		Release|Any CPU = Release|Any CPU
	EndGlobalSection
	GlobalSection(ProjectConfigurationPlatforms) = postSolution
		{B1ADE53F-F0C8-43B2-B49F-9CBB5C1E913A}.Debug|Any CPU.ActiveCfg = Debug|Any CPU
		{B1ADE53F-F0C8-43B2-B49F-9CBB5C1E913A}.Debug|Any CPU.Build.0 = Debug|Any CPU
		{B1ADE53F-F0C8-43B2-B49F-9CBB5C1E913A}.Release|Any CPU.ActiveCfg = Release|Any CPU
		{B1ADE53F-F0C8-43B2-B49F-9CBB5C1E913A}.Release|Any CPU.Build.0 = Release|Any CPU
		{A65EB524-CF32-4EDE-8A08-CE4CD0D1BA4E}.Debug|Any CPU.ActiveCfg = Debug|Any CPU
		{A65EB524-CF32-4EDE-8A08-CE4CD0D1BA4E}.Debug|Any CPU.Build.0 = Debug|Any CPU
		{A65EB524-CF32-4EDE-8A08-CE4CD0D1BA4E}.Release|Any CPU.ActiveCfg = Release|Any CPU
		{A65EB524-CF32-4EDE-8A08-CE4CD0D1BA4E}.Release|Any CPU.Build.0 = Release|Any CPU
	EndGlobalSection
	GlobalSection(SolutionProperties) = preSolution
		HideSolutionNode = FALSE
	EndGlobalSection
EndGlobal
